// !$*UTF8*$!
{
	archiveVersion = 1;
	classes = {
	};
	objectVersion = 46;
	objects = {

/* Begin PBXBuildFile section */
		498D782E1C229F9100250AFB /* main.m in Sources */ = {isa = PBXBuildFile; fileRef = 498D782D1C229F9100250AFB /* main.m */; };
		498D78311C229F9100250AFB /* AppDelegate.m in Sources */ = {isa = PBXBuildFile; fileRef = 498D78301C229F9100250AFB /* AppDelegate.m */; };
		498D78341C229F9100250AFB /* ViewController.m in Sources */ = {isa = PBXBuildFile; fileRef = 498D78331C229F9100250AFB /* ViewController.m */; };
		498D78371C229F9100250AFB /* Main.storyboard in Resources */ = {isa = PBXBuildFile; fileRef = 498D78351C229F9100250AFB /* Main.storyboard */; };
		498D78391C229F9100250AFB /* Assets.xcassets in Resources */ = {isa = PBXBuildFile; fileRef = 498D78381C229F9100250AFB /* Assets.xcassets */; };
		498D783C1C229F9100250AFB /* LaunchScreen.storyboard in Resources */ = {isa = PBXBuildFile; fileRef = 498D783A1C229F9100250AFB /* LaunchScreen.storyboard */; };
		498D78471C229F9100250AFB /* UI04____delegate_Tests.m in Sources */ = {isa = PBXBuildFile; fileRef = 498D78461C229F9100250AFB /* UI04____delegate_Tests.m */; };
		498D78521C229F9200250AFB /* UI04____delegate_UITests.m in Sources */ = {isa = PBXBuildFile; fileRef = 498D78511C229F9200250AFB /* UI04____delegate_UITests.m */; };
		498D78611C22A04100250AFB /* TouchView.m in Sources */ = {isa = PBXBuildFile; fileRef = 498D78601C22A04100250AFB /* TouchView.m */; };
/* End PBXBuildFile section */

/* Begin PBXContainerItemProxy section */
		498D78431C229F9100250AFB /* PBXContainerItemProxy */ = {
			isa = PBXContainerItemProxy;
			containerPortal = 498D78211C229F9100250AFB /* Project object */;
			proxyType = 1;
			remoteGlobalIDString = 498D78281C229F9100250AFB;
			remoteInfo = "UI04_作业(delegate)";
		};
		498D784E1C229F9100250AFB /* PBXContainerItemProxy */ = {
			isa = PBXContainerItemProxy;
			containerPortal = 498D78211C229F9100250AFB /* Project object */;
			proxyType = 1;
			remoteGlobalIDString = 498D78281C229F9100250AFB;
			remoteInfo = "UI04_作业(delegate)";
		};
/* End PBXContainerItemProxy section */

/* Begin PBXFileReference section */
		498D78291C229F9100250AFB /* UI04_作业(delegate).app */ = {isa = PBXFileReference; explicitFileType = wrapper.application; includeInIndex = 0; path = "UI04_作业(delegate).app"; sourceTree = BUILT_PRODUCTS_DIR; };
		498D782D1C229F9100250AFB /* main.m */ = {isa = PBXFileReference; lastKnownFileType = sourcecode.c.objc; path = main.m; sourceTree = "<group>"; };
		498D782F1C229F9100250AFB /* AppDelegate.h */ = {isa = PBXFileReference; lastKnownFileType = sourcecode.c.h; path = AppDelegate.h; sourceTree = "<group>"; };
		498D78301C229F9100250AFB /* AppDelegate.m */ = {isa = PBXFileReference; lastKnownFileType = sourcecode.c.objc; path = AppDelegate.m; sourceTree = "<group>"; };
		498D78321C229F9100250AFB /* ViewController.h */ = {isa = PBXFileReference; lastKnownFileType = sourcecode.c.h; path = ViewController.h; sourceTree = "<group>"; };
		498D78331C229F9100250AFB /* ViewController.m */ = {isa = PBXFileReference; lastKnownFileType = sourcecode.c.objc; path = ViewController.m; sourceTree = "<group>"; };
		498D78361C229F9100250AFB /* Base */ = {isa = PBXFileReference; lastKnownFileType = file.storyboard; name = Base; path = Base.lproj/Main.storyboard; sourceTree = "<group>"; };
		498D78381C229F9100250AFB /* Assets.xcassets */ = {isa = PBXFileReference; lastKnownFileType = folder.assetcatalog; path = Assets.xcassets; sourceTree = "<group>"; };
		498D783B1C229F9100250AFB /* Base */ = {isa = PBXFileReference; lastKnownFileType = file.storyboard; name = Base; path = Base.lproj/LaunchScreen.storyboard; sourceTree = "<group>"; };
		498D783D1C229F9100250AFB /* Info.plist */ = {isa = PBXFileReference; lastKnownFileType = text.plist.xml; path = Info.plist; sourceTree = "<group>"; };
		498D78421C229F9100250AFB /* UI04_作业(delegate)Tests.xctest */ = {isa = PBXFileReference; explicitFileType = wrapper.cfbundle; includeInIndex = 0; path = "UI04_作业(delegate)Tests.xctest"; sourceTree = BUILT_PRODUCTS_DIR; };
		498D78461C229F9100250AFB /* UI04____delegate_Tests.m */ = {isa = PBXFileReference; lastKnownFileType = sourcecode.c.objc; path = "UI04____delegate_Tests.m"; sourceTree = "<group>"; };
		498D78481C229F9100250AFB /* Info.plist */ = {isa = PBXFileReference; lastKnownFileType = text.plist.xml; path = Info.plist; sourceTree = "<group>"; };
		498D784D1C229F9100250AFB /* UI04_作业(delegate)UITests.xctest */ = {isa = PBXFileReference; explicitFileType = wrapper.cfbundle; includeInIndex = 0; path = "UI04_作业(delegate)UITests.xctest"; sourceTree = BUILT_PRODUCTS_DIR; };
		498D78511C229F9200250AFB /* UI04____delegate_UITests.m */ = {isa = PBXFileReference; lastKnownFileType = sourcecode.c.objc; path = "UI04____delegate_UITests.m"; sourceTree = "<group>"; };
		498D78531C229F9200250AFB /* Info.plist */ = {isa = PBXFileReference; lastKnownFileType = text.plist.xml; path = Info.plist; sourceTree = "<group>"; };
		498D785F1C22A04100250AFB /* TouchView.h */ = {isa = PBXFileReference; fileEncoding = 4; lastKnownFileType = sourcecode.c.h; path = TouchView.h; sourceTree = "<group>"; };
		498D78601C22A04100250AFB /* TouchView.m */ = {isa = PBXFileReference; fileEncoding = 4; lastKnownFileType = sourcecode.c.objc; path = TouchView.m; sourceTree = "<group>"; };
/* End PBXFileReference section */

/* Begin PBXFrameworksBuildPhase section */
		498D78261C229F9100250AFB /* Frameworks */ = {
			isa = PBXFrameworksBuildPhase;
			buildActionMask = 2147483647;
			files = (
			);
			runOnlyForDeploymentPostprocessing = 0;
		};
		498D783F1C229F9100250AFB /* Frameworks */ = {
			isa = PBXFrameworksBuildPhase;
			buildActionMask = 2147483647;
			files = (
			);
			runOnlyForDeploymentPostprocessing = 0;
		};
		498D784A1C229F9100250AFB /* Frameworks */ = {
			isa = PBXFrameworksBuildPhase;
			buildActionMask = 2147483647;
			files = (
			);
			runOnlyForDeploymentPostprocessing = 0;
		};
/* End PBXFrameworksBuildPhase section */

/* Begin PBXGroup section */
		498D78201C229F9100250AFB = {
			isa = PBXGroup;
			children = (
				498D782B1C229F9100250AFB /* UI04_作业(delegate) */,
				498D78451C229F9100250AFB /* UI04_作业(delegate)Tests */,
				498D78501C229F9200250AFB /* UI04_作业(delegate)UITests */,
				498D782A1C229F9100250AFB /* Products */,
			);
			sourceTree = "<group>";
		};
		498D782A1C229F9100250AFB /* Products */ = {
			isa = PBXGroup;
			children = (
				498D78291C229F9100250AFB /* UI04_作业(delegate).app */,
				498D78421C229F9100250AFB /* UI04_作业(delegate)Tests.xctest */,
				498D784D1C229F9100250AFB /* UI04_作业(delegate)UITests.xctest */,
			);
			name = Products;
			sourceTree = "<group>";
		};
		498D782B1C229F9100250AFB /* UI04_作业(delegate) */ = {
			isa = PBXGroup;
			children = (
				498D782F1C229F9100250AFB /* AppDelegate.h */,
				498D78301C229F9100250AFB /* AppDelegate.m */,
				498D78631C22A06600250AFB /* Controller */,
				498D78621C22A05700250AFB /* View */,
				498D78351C229F9100250AFB /* Main.storyboard */,
				498D78381C229F9100250AFB /* Assets.xcassets */,
				498D783A1C229F9100250AFB /* LaunchScreen.storyboard */,
				498D783D1C229F9100250AFB /* Info.plist */,
				498D782C1C229F9100250AFB /* Supporting Files */,
			);
			path = "UI04_作业(delegate)";
			sourceTree = "<group>";
		};
		498D782C1C229F9100250AFB /* Supporting Files */ = {
			isa = PBXGroup;
			children = (
				498D782D1C229F9100250AFB /* main.m */,
			);
			name = "Supporting Files";
			sourceTree = "<group>";
		};
		498D78451C229F9100250AFB /* UI04_作业(delegate)Tests */ = {
			isa = PBXGroup;
			children = (
				498D78461C229F9100250AFB /* UI04____delegate_Tests.m */,
				498D78481C229F9100250AFB /* Info.plist */,
			);
			path = "UI04_作业(delegate)Tests";
			sourceTree = "<group>";
		};
		498D78501C229F9200250AFB /* UI04_作业(delegate)UITests */ = {
			isa = PBXGroup;
			children = (
				498D78511C229F9200250AFB /* UI04____delegate_UITests.m */,
				498D78531C229F9200250AFB /* Info.plist */,
			);
			path = "UI04_作业(delegate)UITests";
			sourceTree = "<group>";
		};
		498D78621C22A05700250AFB /* View */ = {
			isa = PBXGroup;
			children = (
				498D785F1C22A04100250AFB /* TouchView.h */,
				498D78601C22A04100250AFB /* TouchView.m */,
			);
			name = View;
			sourceTree = "<group>";
		};
		498D78631C22A06600250AFB /* Controller */ = {
			isa = PBXGroup;
			children = (
				498D78331C229F9100250AFB /* ViewController.m */,
				498D78321C229F9100250AFB /* ViewController.h */,
			);
			name = Controller;
			sourceTree = "<group>";
		};
/* End PBXGroup section */

/* Begin PBXNativeTarget section */
		498D78281C229F9100250AFB /* UI04_作业(delegate) */ = {
			isa = PBXNativeTarget;
			buildConfigurationList = 498D78561C229F9200250AFB /* Build configuration list for PBXNativeTarget "UI04_作业(delegate)" */;
			buildPhases = (
				498D78251C229F9100250AFB /* Sources */,
				498D78261C229F9100250AFB /* Frameworks */,
				498D78271C229F9100250AFB /* Resources */,
			);
			buildRules = (
			);
			dependencies = (
			);
			name = "UI04_作业(delegate)";
			productName = "UI04_作业(delegate)";
			productReference = 498D78291C229F9100250AFB /* UI04_作业(delegate).app */;
			productType = "com.apple.product-type.application";
		};
		498D78411C229F9100250AFB /* UI04_作业(delegate)Tests */ = {
			isa = PBXNativeTarget;
			buildConfigurationList = 498D78591C229F9200250AFB /* Build configuration list for PBXNativeTarget "UI04_作业(delegate)Tests" */;
			buildPhases = (
				498D783E1C229F9100250AFB /* Sources */,
				498D783F1C229F9100250AFB /* Frameworks */,
				498D78401C229F9100250AFB /* Resources */,
			);
			buildRules = (
			);
			dependencies = (
				498D78441C229F9100250AFB /* PBXTargetDependency */,
			);
			name = "UI04_作业(delegate)Tests";
			productName = "UI04_作业(delegate)Tests";
			productReference = 498D78421C229F9100250AFB /* UI04_作业(delegate)Tests.xctest */;
			productType = "com.apple.product-type.bundle.unit-test";
		};
		498D784C1C229F9100250AFB /* UI04_作业(delegate)UITests */ = {
			isa = PBXNativeTarget;
			buildConfigurationList = 498D785C1C229F9200250AFB /* Build configuration list for PBXNativeTarget "UI04_作业(delegate)UITests" */;
			buildPhases = (
				498D78491C229F9100250AFB /* Sources */,
				498D784A1C229F9100250AFB /* Frameworks */,
				498D784B1C229F9100250AFB /* Resources */,
			);
			buildRules = (
			);
			dependencies = (
				498D784F1C229F9100250AFB /* PBXTargetDependency */,
			);
			name = "UI04_作业(delegate)UITests";
			productName = "UI04_作业(delegate)UITests";
			productReference = 498D784D1C229F9100250AFB /* UI04_作业(delegate)UITests.xctest */;
			productType = "com.apple.product-type.bundle.ui-testing";
		};
/* End PBXNativeTarget section */

/* Begin PBXProject section */
		498D78211C229F9100250AFB /* Project object */ = {
			isa = PBXProject;
			attributes = {
				LastUpgradeCheck = 0710;
				ORGANIZATIONNAME = dllo;
				TargetAttributes = {
					498D78281C229F9100250AFB = {
						CreatedOnToolsVersion = 7.1;
					};
					498D78411C229F9100250AFB = {
						CreatedOnToolsVersion = 7.1;
						TestTargetID = 498D78281C229F9100250AFB;
					};
					498D784C1C229F9100250AFB = {
						CreatedOnToolsVersion = 7.1;
						TestTargetID = 498D78281C229F9100250AFB;
					};
				};
			};
			buildConfigurationList = 498D78241C229F9100250AFB /* Build configuration list for PBXProject "UI04_作业(delegate)" */;
			compatibilityVersion = "Xcode 3.2";
			developmentRegion = English;
			hasScannedForEncodings = 0;
			knownRegions = (
				en,
				Base,
			);
			mainGroup = 498D78201C229F9100250AFB;
			productRefGroup = 498D782A1C229F9100250AFB /* Products */;
			projectDirPath = "";
			projectRoot = "";
			targets = (
				498D78281C229F9100250AFB /* UI04_作业(delegate) */,
				498D78411C229F9100250AFB /* UI04_作业(delegate)Tests */,
				498D784C1C229F9100250AFB /* UI04_作业(delegate)UITests */,
			);
		};
/* End PBXProject section */

/* Begin PBXResourcesBuildPhase section */
		498D78271C229F9100250AFB /* Resources */ = {
			isa = PBXResourcesBuildPhase;
			buildActionMask = 2147483647;
			files = (
				498D783C1C229F9100250AFB /* LaunchScreen.storyboard in Resources */,
				498D78391C229F9100250AFB /* Assets.xcassets in Resources */,
				498D78371C229F9100250AFB /* Main.storyboard in Resources */,
			);
			runOnlyForDeploymentPostprocessing = 0;
		};
		498D78401C229F9100250AFB /* Resources */ = {
			isa = PBXResourcesBuildPhase;
			buildActionMask = 2147483647;
			files = (
			);
			runOnlyForDeploymentPostprocessing = 0;
		};
		498D784B1C229F9100250AFB /* Resources */ = {
			isa = PBXResourcesBuildPhase;
			buildActionMask = 2147483647;
			files = (
			);
			runOnlyForDeploymentPostprocessing = 0;
		};
/* End PBXResourcesBuildPhase section */

/* Begin PBXSourcesBuildPhase section */
		498D78251C229F9100250AFB /* Sources */ = {
			isa = PBXSourcesBuildPhase;
			buildActionMask = 2147483647;
			files = (
				498D78611C22A04100250AFB /* TouchView.m in Sources */,
				498D78341C229F9100250AFB /* ViewController.m in Sources */,
				498D78311C229F9100250AFB /* AppDelegate.m in Sources */,
				498D782E1C229F9100250AFB /* main.m in Sources */,
			);
			runOnlyForDeploymentPostprocessing = 0;
		};
		498D783E1C229F9100250AFB /* Sources */ = {
			isa = PBXSourcesBuildPhase;
			buildActionMask = 2147483647;
			files = (
				498D78471C229F9100250AFB /* UI04____delegate_Tests.m in Sources */,
			);
			runOnlyForDeploymentPostprocessing = 0;
		};
		498D78491C229F9100250AFB /* Sources */ = {
			isa = PBXSourcesBuildPhase;
			buildActionMask = 2147483647;
			files = (
				498D78521C229F9200250AFB /* UI04____delegate_UITests.m in Sources */,
			);
			runOnlyForDeploymentPostprocessing = 0;
		};
/* End PBXSourcesBuildPhase section */

/* Begin PBXTargetDependency section */
		498D78441C229F9100250AFB /* PBXTargetDependency */ = {
			isa = PBXTargetDependency;
			target = 498D78281C229F9100250AFB /* UI04_作业(delegate) */;
			targetProxy = 498D78431C229F9100250AFB /* PBXContainerItemProxy */;
		};
		498D784F1C229F9100250AFB /* PBXTargetDependency */ = {
			isa = PBXTargetDependency;
			target = 498D78281C229F9100250AFB /* UI04_作业(delegate) */;
			targetProxy = 498D784E1C229F9100250AFB /* PBXContainerItemProxy */;
		};
/* End PBXTargetDependency section */

/* Begin PBXVariantGroup section */
		498D78351C229F9100250AFB /* Main.storyboard */ = {
			isa = PBXVariantGroup;
			children = (
				498D78361C229F9100250AFB /* Base */,
			);
			name = Main.storyboard;
			sourceTree = "<group>";
		};
		498D783A1C229F9100250AFB /* LaunchScreen.storyboard */ = {
			isa = PBXVariantGroup;
			children = (
				498D783B1C229F9100250AFB /* Base */,
			);
			name = LaunchScreen.storyboard;
			sourceTree = "<group>";
		};
/* End PBXVariantGroup section */

/* Begin XCBuildConfiguration section */
		498D78541C229F9200250AFB /* Debug */ = {
			isa = XCBuildConfiguration;
			buildSettings = {
				ALWAYS_SEARCH_USER_PATHS = NO;
				CLANG_CXX_LANGUAGE_STANDARD = "gnu++0x";
				CLANG_CXX_LIBRARY = "libc++";
				CLANG_ENABLE_MODULES = YES;
				CLANG_ENABLE_OBJC_ARC = YES;
				CLANG_WARN_BOOL_CONVERSION = YES;
				CLANG_WARN_CONSTANT_CONVERSION = YES;
				CLANG_WARN_DIRECT_OBJC_ISA_USAGE = YES_ERROR;
				CLANG_WARN_EMPTY_BODY = YES;
				CLANG_WARN_ENUM_CONVERSION = YES;
				CLANG_WARN_INT_CONVERSION = YES;
				CLANG_WARN_OBJC_ROOT_CLASS = YES_ERROR;
				CLANG_WARN_UNREACHABLE_CODE = YES;
				CLANG_WARN__DUPLICATE_METHOD_MATCH = YES;
				"CODE_SIGN_IDENTITY[sdk=iphoneos*]" = "iPhone Developer";
				COPY_PHASE_STRIP = NO;
				DEBUG_INFORMATION_FORMAT = dwarf;
				ENABLE_STRICT_OBJC_MSGSEND = YES;
				ENABLE_TESTABILITY = YES;
				GCC_C_LANGUAGE_STANDARD = gnu99;
				GCC_DYNAMIC_NO_PIC = NO;
				GCC_NO_COMMON_BLOCKS = YES;
				GCC_OPTIMIZATION_LEVEL = 0;
				GCC_PREPROCESSOR_DEFINITIONS = (
					"DEBUG=1",
					"$(inherited)",
				);
				GCC_WARN_64_TO_32_BIT_CONVERSION = YES;
				GCC_WARN_ABOUT_RETURN_TYPE = YES_ERROR;
				GCC_WARN_UNDECLARED_SELECTOR = YES;
				GCC_WARN_UNINITIALIZED_AUTOS = YES_AGGRESSIVE;
				GCC_WARN_UNUSED_FUNCTION = YES;
				GCC_WARN_UNUSED_VARIABLE = YES;
				IPHONEOS_DEPLOYMENT_TARGET = 9.1;
				MTL_ENABLE_DEBUG_INFO = YES;
				ONLY_ACTIVE_ARCH = YES;
				SDKROOT = iphoneos;
			};
			name = Debug;
		};
		498D78551C229F9200250AFB /* Release */ = {
			isa = XCBuildConfiguration;
			buildSettings = {
				ALWAYS_SEARCH_USER_PATHS = NO;
				CLANG_CXX_LANGUAGE_STANDARD = "gnu++0x";
				CLANG_CXX_LIBRARY = "libc++";
				CLANG_ENABLE_MODULES = YES;
				CLANG_ENABLE_OBJC_ARC = YES;
				CLANG_WARN_BOOL_CONVERSION = YES;
				CLANG_WARN_CONSTANT_CONVERSION = YES;
				CLANG_WARN_DIRECT_OBJC_ISA_USAGE = YES_ERROR;
				CLANG_WARN_EMPTY_BODY = YES;
				CLANG_WARN_ENUM_CONVERSION = YES;
				CLANG_WARN_INT_CONVERSION = YES;
				CLANG_WARN_OBJC_ROOT_CLASS = YES_ERROR;
				CLANG_WARN_UNREACHABLE_CODE = YES;
				CLANG_WARN__DUPLICATE_METHOD_MATCH = YES;
				"CODE_SIGN_IDENTITY[sdk=iphoneos*]" = "iPhone Developer";
				COPY_PHASE_STRIP = NO;
				DEBUG_INFORMATION_FORMAT = "dwarf-with-dsym";
				ENABLE_NS_ASSERTIONS = NO;
				ENABLE_STRICT_OBJC_MSGSEND = YES;
				GCC_C_LANGUAGE_STANDARD = gnu99;
				GCC_NO_COMMON_BLOCKS = YES;
				GCC_WARN_64_TO_32_BIT_CONVERSION = YES;
				GCC_WARN_ABOUT_RETURN_TYPE = YES_ERROR;
				GCC_WARN_UNDECLARED_SELECTOR = YES;
				GCC_WARN_UNINITIALIZED_AUTOS = YES_AGGRESSIVE;
				GCC_WARN_UNUSED_FUNCTION = YES;
				GCC_WARN_UNUSED_VARIABLE = YES;
				IPHONEOS_DEPLOYMENT_TARGET = 9.1;
				MTL_ENABLE_DEBUG_INFO = NO;
				SDKROOT = iphoneos;
				VALIDATE_PRODUCT = YES;
			};
			name = Release;
		};
		498D78571C229F9200250AFB /* Debug */ = {
			isa = XCBuildConfiguration;
			buildSettings = {
				ASSETCATALOG_COMPILER_APPICON_NAME = AppIcon;
				CLANG_ENABLE_OBJC_ARC = NO;
				INFOPLIST_FILE = "UI04_作业(delegate)/Info.plist";
				LD_RUNPATH_SEARCH_PATHS = "$(inherited) @executable_path/Frameworks";
				PRODUCT_BUNDLE_IDENTIFIER = "com.lanou3g.UI04----delegate-";
				PRODUCT_NAME = "$(TARGET_NAME)";
			};
			name = Debug;
		};
		498D78581C229F9200250AFB /* Release */ = {
			isa = XCBuildConfiguration;
			buildSettings = {
				ASSETCATALOG_COMPILER_APPICON_NAME = AppIcon;
				CLANG_ENABLE_OBJC_ARC = NO;
				INFOPLIST_FILE = "UI04_作业(delegate)/Info.plist";
				LD_RUNPATH_SEARCH_PATHS = "$(inherited) @executable_path/Frameworks";
				PRODUCT_BUNDLE_IDENTIFIER = "com.lanou3g.UI04----delegate-";
				PRODUCT_NAME = "$(TARGET_NAME)";
			};
			name = Release;
		};
		498D785A1C229F9200250AFB /* Debug */ = {
			isa = XCBuildConfiguration;
			buildSettings = {
				BUNDLE_LOADER = "$(TEST_HOST)";
				INFOPLIST_FILE = "UI04_作业(delegate)Tests/Info.plist";
				LD_RUNPATH_SEARCH_PATHS = "$(inherited) @executable_path/Frameworks @loader_path/Frameworks";
				PRODUCT_BUNDLE_IDENTIFIER = "com.lanou3g.UI04----delegate-Tests";
				PRODUCT_NAME = "$(TARGET_NAME)";
				TEST_HOST = "$(BUILT_PRODUCTS_DIR)/UI04_作业(delegate).app/UI04_作业(delegate)";
			};
			name = Debug;
		};
		498D785B1C229F9200250AFB /* Release */ = {
			isa = XCBuildConfiguration;
			buildSettings = {
				BUNDLE_LOADER = "$(TEST_HOST)";
				INFOPLIST_FILE = "UI04_作业(delegate)Tests/Info.plist";
				LD_RUNPATH_SEARCH_PATHS = "$(inherited) @executable_path/Frameworks @loader_path/Frameworks";
				PRODUCT_BUNDLE_IDENTIFIER = "com.lanou3g.UI04----delegate-Tests";
				PRODUCT_NAME = "$(TARGET_NAME)";
				TEST_HOST = "$(BUILT_PRODUCTS_DIR)/UI04_作业(delegate).app/UI04_作业(delegate)";
			};
			name = Release;
		};
		498D785D1C229F9200250AFB /* Debug */ = {
			isa = XCBuildConfiguration;
			buildSettings = {
				INFOPLIST_FILE = "UI04_作业(delegate)UITests/Info.plist";
				LD_RUNPATH_SEARCH_PATHS = "$(inherited) @executable_path/Frameworks @loader_path/Frameworks";
				PRODUCT_BUNDLE_IDENTIFIER = "com.lanou3g.UI04----delegate-UITests";
				PRODUCT_NAME = "$(TARGET_NAME)";
				TEST_TARGET_NAME = "UI04_作业(delegate)";
				USES_XCTRUNNER = YES;
			};
			name = Debug;
		};
		498D785E1C229F9200250AFB /* Release */ = {
			isa = XCBuildConfiguration;
			buildSettings = {
				INFOPLIST_FILE = "UI04_作业(delegate)UITests/Info.plist";
				LD_RUNPATH_SEARCH_PATHS = "$(inherited) @executable_path/Frameworks @loader_path/Frameworks";
				PRODUCT_BUNDLE_IDENTIFIER = "com.lanou3g.UI04----delegate-UITests";
				PRODUCT_NAME = "$(TARGET_NAME)";
				TEST_TARGET_NAME = "UI04_作业(delegate)";
				USES_XCTRUNNER = YES;
			};
			name = Release;
		};
/* End XCBuildConfiguration section */

/* Begin XCConfigurationList section */
		498D78241C229F9100250AFB /* Build configuration list for PBXProject "UI04_作业(delegate)" */ = {
			isa = XCConfigurationList;
			buildConfigurations = (
				498D78541C229F9200250AFB /* Debug */,
				498D78551C229F9200250AFB /* Release */,
			);
			defaultConfigurationIsVisible = 0;
			defaultConfigurationName = Release;
		};
		498D78561C229F9200250AFB /* Build configuration list for PBXNativeTarget "UI04_作业(delegate)" */ = {
			isa = XCConfigurationList;
			buildConfigurations = (
				498D78571C229F9200250AFB /* Debug */,
				498D78581C229F9200250AFB /* Release */,
			);
			defaultConfigurationIsVisible = 0;
		};
		498D78591C229F9200250AFB /* Build configuration list for PBXNativeTarget "UI04_作业(delegate)Tests" */ = {
			isa = XCConfigurationList;
			buildConfigurations = (
				498D785A1C229F9200250AFB /* Debug */,
				498D785B1C229F9200250AFB /* Release */,
			);
			defaultConfigurationIsVisible = 0;
		};
		498D785C1C229F9200250AFB /* Build configuration list for PBXNativeTarget "UI04_作业(delegate)UITests" */ = {
			isa = XCConfigurationList;
			buildConfigurations = (
				498D785D1C229F9200250AFB /* Debug */,
				498D785E1C229F9200250AFB /* Release */,
			);
			defaultConfigurationIsVisible = 0;
		};
/* End XCConfigurationList section */
	};
	rootObject = 498D78211C229F9100250AFB /* Project object */;
}
