// !$*UTF8*$!
{
	archiveVersion = 1;
	classes = {
	};
	objectVersion = 46;
	objects = {

/* Begin PBXBuildFile section */
		497943DA1C34B8E500F08EEA /* activitylist.txt in Resources */ = {isa = PBXBuildFile; fileRef = 497943D91C34B8E500F08EEA /* activitylist.txt */; };
		49C7A32B1C33F2BE001D1C56 /* main.m in Sources */ = {isa = PBXBuildFile; fileRef = 49C7A32A1C33F2BE001D1C56 /* main.m */; };
		49C7A32E1C33F2BE001D1C56 /* AppDelegate.m in Sources */ = {isa = PBXBuildFile; fileRef = 49C7A32D1C33F2BE001D1C56 /* AppDelegate.m */; };
		49C7A3311C33F2BE001D1C56 /* ViewController.m in Sources */ = {isa = PBXBuildFile; fileRef = 49C7A3301C33F2BE001D1C56 /* ViewController.m */; };
		49C7A3341C33F2BE001D1C56 /* Main.storyboard in Resources */ = {isa = PBXBuildFile; fileRef = 49C7A3321C33F2BE001D1C56 /* Main.storyboard */; };
		49C7A3361C33F2BE001D1C56 /* Assets.xcassets in Resources */ = {isa = PBXBuildFile; fileRef = 49C7A3351C33F2BE001D1C56 /* Assets.xcassets */; };
		49C7A3391C33F2BE001D1C56 /* LaunchScreen.storyboard in Resources */ = {isa = PBXBuildFile; fileRef = 49C7A3371C33F2BE001D1C56 /* LaunchScreen.storyboard */; };
		49C7A3441C33F2BE001D1C56 /* UI14___Tests.m in Sources */ = {isa = PBXBuildFile; fileRef = 49C7A3431C33F2BE001D1C56 /* UI14___Tests.m */; };
		49C7A34F1C33F2BF001D1C56 /* UI14___UITests.m in Sources */ = {isa = PBXBuildFile; fileRef = 49C7A34E1C33F2BF001D1C56 /* UI14___UITests.m */; };
		49C7A35F1C33F2EF001D1C56 /* Cell.m in Sources */ = {isa = PBXBuildFile; fileRef = 49C7A35D1C33F2EF001D1C56 /* Cell.m */; };
		49C7A3601C33F2EF001D1C56 /* Cell.xib in Resources */ = {isa = PBXBuildFile; fileRef = 49C7A35E1C33F2EF001D1C56 /* Cell.xib */; };
/* End PBXBuildFile section */

/* Begin PBXContainerItemProxy section */
		49C7A3401C33F2BE001D1C56 /* PBXContainerItemProxy */ = {
			isa = PBXContainerItemProxy;
			containerPortal = 49C7A31E1C33F2BE001D1C56 /* Project object */;
			proxyType = 1;
			remoteGlobalIDString = 49C7A3251C33F2BE001D1C56;
			remoteInfo = "UI14_作业";
		};
		49C7A34B1C33F2BF001D1C56 /* PBXContainerItemProxy */ = {
			isa = PBXContainerItemProxy;
			containerPortal = 49C7A31E1C33F2BE001D1C56 /* Project object */;
			proxyType = 1;
			remoteGlobalIDString = 49C7A3251C33F2BE001D1C56;
			remoteInfo = "UI14_作业";
		};
/* End PBXContainerItemProxy section */

/* Begin PBXFileReference section */
		497943D91C34B8E500F08EEA /* activitylist.txt */ = {isa = PBXFileReference; fileEncoding = 4; lastKnownFileType = text; path = activitylist.txt; sourceTree = "<group>"; };
		49C7A3261C33F2BE001D1C56 /* UI14_作业.app */ = {isa = PBXFileReference; explicitFileType = wrapper.application; includeInIndex = 0; path = "UI14_作业.app"; sourceTree = BUILT_PRODUCTS_DIR; };
		49C7A32A1C33F2BE001D1C56 /* main.m */ = {isa = PBXFileReference; lastKnownFileType = sourcecode.c.objc; path = main.m; sourceTree = "<group>"; };
		49C7A32C1C33F2BE001D1C56 /* AppDelegate.h */ = {isa = PBXFileReference; lastKnownFileType = sourcecode.c.h; path = AppDelegate.h; sourceTree = "<group>"; };
		49C7A32D1C33F2BE001D1C56 /* AppDelegate.m */ = {isa = PBXFileReference; lastKnownFileType = sourcecode.c.objc; path = AppDelegate.m; sourceTree = "<group>"; };
		49C7A32F1C33F2BE001D1C56 /* ViewController.h */ = {isa = PBXFileReference; lastKnownFileType = sourcecode.c.h; path = ViewController.h; sourceTree = "<group>"; };
		49C7A3301C33F2BE001D1C56 /* ViewController.m */ = {isa = PBXFileReference; lastKnownFileType = sourcecode.c.objc; path = ViewController.m; sourceTree = "<group>"; };
		49C7A3331C33F2BE001D1C56 /* Base */ = {isa = PBXFileReference; lastKnownFileType = file.storyboard; name = Base; path = Base.lproj/Main.storyboard; sourceTree = "<group>"; };
		49C7A3351C33F2BE001D1C56 /* Assets.xcassets */ = {isa = PBXFileReference; lastKnownFileType = folder.assetcatalog; path = Assets.xcassets; sourceTree = "<group>"; };
		49C7A3381C33F2BE001D1C56 /* Base */ = {isa = PBXFileReference; lastKnownFileType = file.storyboard; name = Base; path = Base.lproj/LaunchScreen.storyboard; sourceTree = "<group>"; };
		49C7A33A1C33F2BE001D1C56 /* Info.plist */ = {isa = PBXFileReference; lastKnownFileType = text.plist.xml; path = Info.plist; sourceTree = "<group>"; };
		49C7A33F1C33F2BE001D1C56 /* UI14_作业Tests.xctest */ = {isa = PBXFileReference; explicitFileType = wrapper.cfbundle; includeInIndex = 0; path = "UI14_作业Tests.xctest"; sourceTree = BUILT_PRODUCTS_DIR; };
		49C7A3431C33F2BE001D1C56 /* UI14___Tests.m */ = {isa = PBXFileReference; lastKnownFileType = sourcecode.c.objc; path = "UI14___Tests.m"; sourceTree = "<group>"; };
		49C7A3451C33F2BF001D1C56 /* Info.plist */ = {isa = PBXFileReference; lastKnownFileType = text.plist.xml; path = Info.plist; sourceTree = "<group>"; };
		49C7A34A1C33F2BF001D1C56 /* UI14_作业UITests.xctest */ = {isa = PBXFileReference; explicitFileType = wrapper.cfbundle; includeInIndex = 0; path = "UI14_作业UITests.xctest"; sourceTree = BUILT_PRODUCTS_DIR; };
		49C7A34E1C33F2BF001D1C56 /* UI14___UITests.m */ = {isa = PBXFileReference; lastKnownFileType = sourcecode.c.objc; path = "UI14___UITests.m"; sourceTree = "<group>"; };
		49C7A3501C33F2BF001D1C56 /* Info.plist */ = {isa = PBXFileReference; lastKnownFileType = text.plist.xml; path = Info.plist; sourceTree = "<group>"; };
		49C7A35C1C33F2EF001D1C56 /* Cell.h */ = {isa = PBXFileReference; fileEncoding = 4; lastKnownFileType = sourcecode.c.h; path = Cell.h; sourceTree = "<group>"; };
		49C7A35D1C33F2EF001D1C56 /* Cell.m */ = {isa = PBXFileReference; fileEncoding = 4; lastKnownFileType = sourcecode.c.objc; path = Cell.m; sourceTree = "<group>"; };
		49C7A35E1C33F2EF001D1C56 /* Cell.xib */ = {isa = PBXFileReference; fileEncoding = 4; lastKnownFileType = file.xib; path = Cell.xib; sourceTree = "<group>"; };
/* End PBXFileReference section */

/* Begin PBXFrameworksBuildPhase section */
		49C7A3231C33F2BE001D1C56 /* Frameworks */ = {
			isa = PBXFrameworksBuildPhase;
			buildActionMask = 2147483647;
			files = (
			);
			runOnlyForDeploymentPostprocessing = 0;
		};
		49C7A33C1C33F2BE001D1C56 /* Frameworks */ = {
			isa = PBXFrameworksBuildPhase;
			buildActionMask = 2147483647;
			files = (
			);
			runOnlyForDeploymentPostprocessing = 0;
		};
		49C7A3471C33F2BF001D1C56 /* Frameworks */ = {
			isa = PBXFrameworksBuildPhase;
			buildActionMask = 2147483647;
			files = (
			);
			runOnlyForDeploymentPostprocessing = 0;
		};
/* End PBXFrameworksBuildPhase section */

/* Begin PBXGroup section */
		49C7A31D1C33F2BE001D1C56 = {
			isa = PBXGroup;
			children = (
				49C7A3281C33F2BE001D1C56 /* UI14_作业 */,
				49C7A3421C33F2BE001D1C56 /* UI14_作业Tests */,
				49C7A34D1C33F2BF001D1C56 /* UI14_作业UITests */,
				49C7A3271C33F2BE001D1C56 /* Products */,
			);
			sourceTree = "<group>";
		};
		49C7A3271C33F2BE001D1C56 /* Products */ = {
			isa = PBXGroup;
			children = (
				49C7A3261C33F2BE001D1C56 /* UI14_作业.app */,
				49C7A33F1C33F2BE001D1C56 /* UI14_作业Tests.xctest */,
				49C7A34A1C33F2BF001D1C56 /* UI14_作业UITests.xctest */,
			);
			name = Products;
			sourceTree = "<group>";
		};
		49C7A3281C33F2BE001D1C56 /* UI14_作业 */ = {
			isa = PBXGroup;
			children = (
				49C7A32C1C33F2BE001D1C56 /* AppDelegate.h */,
				49C7A32D1C33F2BE001D1C56 /* AppDelegate.m */,
				49C7A32F1C33F2BE001D1C56 /* ViewController.h */,
				49C7A3301C33F2BE001D1C56 /* ViewController.m */,
				497943D91C34B8E500F08EEA /* activitylist.txt */,
				49C7A35C1C33F2EF001D1C56 /* Cell.h */,
				49C7A35D1C33F2EF001D1C56 /* Cell.m */,
				49C7A35E1C33F2EF001D1C56 /* Cell.xib */,
				49C7A3321C33F2BE001D1C56 /* Main.storyboard */,
				49C7A3351C33F2BE001D1C56 /* Assets.xcassets */,
				49C7A3371C33F2BE001D1C56 /* LaunchScreen.storyboard */,
				49C7A33A1C33F2BE001D1C56 /* Info.plist */,
				49C7A3291C33F2BE001D1C56 /* Supporting Files */,
			);
			path = "UI14_作业";
			sourceTree = "<group>";
		};
		49C7A3291C33F2BE001D1C56 /* Supporting Files */ = {
			isa = PBXGroup;
			children = (
				49C7A32A1C33F2BE001D1C56 /* main.m */,
			);
			name = "Supporting Files";
			sourceTree = "<group>";
		};
		49C7A3421C33F2BE001D1C56 /* UI14_作业Tests */ = {
			isa = PBXGroup;
			children = (
				49C7A3431C33F2BE001D1C56 /* UI14___Tests.m */,
				49C7A3451C33F2BF001D1C56 /* Info.plist */,
			);
			path = "UI14_作业Tests";
			sourceTree = "<group>";
		};
		49C7A34D1C33F2BF001D1C56 /* UI14_作业UITests */ = {
			isa = PBXGroup;
			children = (
				49C7A34E1C33F2BF001D1C56 /* UI14___UITests.m */,
				49C7A3501C33F2BF001D1C56 /* Info.plist */,
			);
			path = "UI14_作业UITests";
			sourceTree = "<group>";
		};
/* End PBXGroup section */

/* Begin PBXNativeTarget section */
		49C7A3251C33F2BE001D1C56 /* UI14_作业 */ = {
			isa = PBXNativeTarget;
			buildConfigurationList = 49C7A3531C33F2BF001D1C56 /* Build configuration list for PBXNativeTarget "UI14_作业" */;
			buildPhases = (
				49C7A3221C33F2BE001D1C56 /* Sources */,
				49C7A3231C33F2BE001D1C56 /* Frameworks */,
				49C7A3241C33F2BE001D1C56 /* Resources */,
			);
			buildRules = (
			);
			dependencies = (
			);
			name = "UI14_作业";
			productName = "UI14_作业";
			productReference = 49C7A3261C33F2BE001D1C56 /* UI14_作业.app */;
			productType = "com.apple.product-type.application";
		};
		49C7A33E1C33F2BE001D1C56 /* UI14_作业Tests */ = {
			isa = PBXNativeTarget;
			buildConfigurationList = 49C7A3561C33F2BF001D1C56 /* Build configuration list for PBXNativeTarget "UI14_作业Tests" */;
			buildPhases = (
				49C7A33B1C33F2BE001D1C56 /* Sources */,
				49C7A33C1C33F2BE001D1C56 /* Frameworks */,
				49C7A33D1C33F2BE001D1C56 /* Resources */,
			);
			buildRules = (
			);
			dependencies = (
				49C7A3411C33F2BE001D1C56 /* PBXTargetDependency */,
			);
			name = "UI14_作业Tests";
			productName = "UI14_作业Tests";
			productReference = 49C7A33F1C33F2BE001D1C56 /* UI14_作业Tests.xctest */;
			productType = "com.apple.product-type.bundle.unit-test";
		};
		49C7A3491C33F2BF001D1C56 /* UI14_作业UITests */ = {
			isa = PBXNativeTarget;
			buildConfigurationList = 49C7A3591C33F2BF001D1C56 /* Build configuration list for PBXNativeTarget "UI14_作业UITests" */;
			buildPhases = (
				49C7A3461C33F2BF001D1C56 /* Sources */,
				49C7A3471C33F2BF001D1C56 /* Frameworks */,
				49C7A3481C33F2BF001D1C56 /* Resources */,
			);
			buildRules = (
			);
			dependencies = (
				49C7A34C1C33F2BF001D1C56 /* PBXTargetDependency */,
			);
			name = "UI14_作业UITests";
			productName = "UI14_作业UITests";
			productReference = 49C7A34A1C33F2BF001D1C56 /* UI14_作业UITests.xctest */;
			productType = "com.apple.product-type.bundle.ui-testing";
		};
/* End PBXNativeTarget section */

/* Begin PBXProject section */
		49C7A31E1C33F2BE001D1C56 /* Project object */ = {
			isa = PBXProject;
			attributes = {
				LastUpgradeCheck = 0710;
				ORGANIZATIONNAME = dllo;
				TargetAttributes = {
					49C7A3251C33F2BE001D1C56 = {
						CreatedOnToolsVersion = 7.1;
					};
					49C7A33E1C33F2BE001D1C56 = {
						CreatedOnToolsVersion = 7.1;
						TestTargetID = 49C7A3251C33F2BE001D1C56;
					};
					49C7A3491C33F2BF001D1C56 = {
						CreatedOnToolsVersion = 7.1;
						TestTargetID = 49C7A3251C33F2BE001D1C56;
					};
				};
			};
			buildConfigurationList = 49C7A3211C33F2BE001D1C56 /* Build configuration list for PBXProject "UI14_作业" */;
			compatibilityVersion = "Xcode 3.2";
			developmentRegion = English;
			hasScannedForEncodings = 0;
			knownRegions = (
				en,
				Base,
			);
			mainGroup = 49C7A31D1C33F2BE001D1C56;
			productRefGroup = 49C7A3271C33F2BE001D1C56 /* Products */;
			projectDirPath = "";
			projectRoot = "";
			targets = (
				49C7A3251C33F2BE001D1C56 /* UI14_作业 */,
				49C7A33E1C33F2BE001D1C56 /* UI14_作业Tests */,
				49C7A3491C33F2BF001D1C56 /* UI14_作业UITests */,
			);
		};
/* End PBXProject section */

/* Begin PBXResourcesBuildPhase section */
		49C7A3241C33F2BE001D1C56 /* Resources */ = {
			isa = PBXResourcesBuildPhase;
			buildActionMask = 2147483647;
			files = (
				49C7A3391C33F2BE001D1C56 /* LaunchScreen.storyboard in Resources */,
				49C7A3601C33F2EF001D1C56 /* Cell.xib in Resources */,
				49C7A3361C33F2BE001D1C56 /* Assets.xcassets in Resources */,
				497943DA1C34B8E500F08EEA /* activitylist.txt in Resources */,
				49C7A3341C33F2BE001D1C56 /* Main.storyboard in Resources */,
			);
			runOnlyForDeploymentPostprocessing = 0;
		};
		49C7A33D1C33F2BE001D1C56 /* Resources */ = {
			isa = PBXResourcesBuildPhase;
			buildActionMask = 2147483647;
			files = (
			);
			runOnlyForDeploymentPostprocessing = 0;
		};
		49C7A3481C33F2BF001D1C56 /* Resources */ = {
			isa = PBXResourcesBuildPhase;
			buildActionMask = 2147483647;
			files = (
			);
			runOnlyForDeploymentPostprocessing = 0;
		};
/* End PBXResourcesBuildPhase section */

/* Begin PBXSourcesBuildPhase section */
		49C7A3221C33F2BE001D1C56 /* Sources */ = {
			isa = PBXSourcesBuildPhase;
			buildActionMask = 2147483647;
			files = (
				49C7A3311C33F2BE001D1C56 /* ViewController.m in Sources */,
				49C7A35F1C33F2EF001D1C56 /* Cell.m in Sources */,
				49C7A32E1C33F2BE001D1C56 /* AppDelegate.m in Sources */,
				49C7A32B1C33F2BE001D1C56 /* main.m in Sources */,
			);
			runOnlyForDeploymentPostprocessing = 0;
		};
		49C7A33B1C33F2BE001D1C56 /* Sources */ = {
			isa = PBXSourcesBuildPhase;
			buildActionMask = 2147483647;
			files = (
				49C7A3441C33F2BE001D1C56 /* UI14___Tests.m in Sources */,
			);
			runOnlyForDeploymentPostprocessing = 0;
		};
		49C7A3461C33F2BF001D1C56 /* Sources */ = {
			isa = PBXSourcesBuildPhase;
			buildActionMask = 2147483647;
			files = (
				49C7A34F1C33F2BF001D1C56 /* UI14___UITests.m in Sources */,
			);
			runOnlyForDeploymentPostprocessing = 0;
		};
/* End PBXSourcesBuildPhase section */

/* Begin PBXTargetDependency section */
		49C7A3411C33F2BE001D1C56 /* PBXTargetDependency */ = {
			isa = PBXTargetDependency;
			target = 49C7A3251C33F2BE001D1C56 /* UI14_作业 */;
			targetProxy = 49C7A3401C33F2BE001D1C56 /* PBXContainerItemProxy */;
		};
		49C7A34C1C33F2BF001D1C56 /* PBXTargetDependency */ = {
			isa = PBXTargetDependency;
			target = 49C7A3251C33F2BE001D1C56 /* UI14_作业 */;
			targetProxy = 49C7A34B1C33F2BF001D1C56 /* PBXContainerItemProxy */;
		};
/* End PBXTargetDependency section */

/* Begin PBXVariantGroup section */
		49C7A3321C33F2BE001D1C56 /* Main.storyboard */ = {
			isa = PBXVariantGroup;
			children = (
				49C7A3331C33F2BE001D1C56 /* Base */,
			);
			name = Main.storyboard;
			sourceTree = "<group>";
		};
		49C7A3371C33F2BE001D1C56 /* LaunchScreen.storyboard */ = {
			isa = PBXVariantGroup;
			children = (
				49C7A3381C33F2BE001D1C56 /* Base */,
			);
			name = LaunchScreen.storyboard;
			sourceTree = "<group>";
		};
/* End PBXVariantGroup section */

/* Begin XCBuildConfiguration section */
		49C7A3511C33F2BF001D1C56 /* Debug */ = {
			isa = XCBuildConfiguration;
			buildSettings = {
				ALWAYS_SEARCH_USER_PATHS = NO;
				CLANG_CXX_LANGUAGE_STANDARD = "gnu++0x";
				CLANG_CXX_LIBRARY = "libc++";
				CLANG_ENABLE_MODULES = YES;
				CLANG_ENABLE_OBJC_ARC = YES;
				CLANG_WARN_BOOL_CONVERSION = YES;
				CLANG_WARN_CONSTANT_CONVERSION = YES;
				CLANG_WARN_DIRECT_OBJC_ISA_USAGE = YES_ERROR;
				CLANG_WARN_EMPTY_BODY = YES;
				CLANG_WARN_ENUM_CONVERSION = YES;
				CLANG_WARN_INT_CONVERSION = YES;
				CLANG_WARN_OBJC_ROOT_CLASS = YES_ERROR;
				CLANG_WARN_UNREACHABLE_CODE = YES;
				CLANG_WARN__DUPLICATE_METHOD_MATCH = YES;
				"CODE_SIGN_IDENTITY[sdk=iphoneos*]" = "iPhone Developer";
				COPY_PHASE_STRIP = NO;
				DEBUG_INFORMATION_FORMAT = dwarf;
				ENABLE_STRICT_OBJC_MSGSEND = YES;
				ENABLE_TESTABILITY = YES;
				GCC_C_LANGUAGE_STANDARD = gnu99;
				GCC_DYNAMIC_NO_PIC = NO;
				GCC_NO_COMMON_BLOCKS = YES;
				GCC_OPTIMIZATION_LEVEL = 0;
				GCC_PREPROCESSOR_DEFINITIONS = (
					"DEBUG=1",
					"$(inherited)",
				);
				GCC_WARN_64_TO_32_BIT_CONVERSION = YES;
				GCC_WARN_ABOUT_RETURN_TYPE = YES_ERROR;
				GCC_WARN_UNDECLARED_SELECTOR = YES;
				GCC_WARN_UNINITIALIZED_AUTOS = YES_AGGRESSIVE;
				GCC_WARN_UNUSED_FUNCTION = YES;
				GCC_WARN_UNUSED_VARIABLE = YES;
				IPHONEOS_DEPLOYMENT_TARGET = 9.1;
				MTL_ENABLE_DEBUG_INFO = YES;
				ONLY_ACTIVE_ARCH = YES;
				SDKROOT = iphoneos;
			};
			name = Debug;
		};
		49C7A3521C33F2BF001D1C56 /* Release */ = {
			isa = XCBuildConfiguration;
			buildSettings = {
				ALWAYS_SEARCH_USER_PATHS = NO;
				CLANG_CXX_LANGUAGE_STANDARD = "gnu++0x";
				CLANG_CXX_LIBRARY = "libc++";
				CLANG_ENABLE_MODULES = YES;
				CLANG_ENABLE_OBJC_ARC = YES;
				CLANG_WARN_BOOL_CONVERSION = YES;
				CLANG_WARN_CONSTANT_CONVERSION = YES;
				CLANG_WARN_DIRECT_OBJC_ISA_USAGE = YES_ERROR;
				CLANG_WARN_EMPTY_BODY = YES;
				CLANG_WARN_ENUM_CONVERSION = YES;
				CLANG_WARN_INT_CONVERSION = YES;
				CLANG_WARN_OBJC_ROOT_CLASS = YES_ERROR;
				CLANG_WARN_UNREACHABLE_CODE = YES;
				CLANG_WARN__DUPLICATE_METHOD_MATCH = YES;
				"CODE_SIGN_IDENTITY[sdk=iphoneos*]" = "iPhone Developer";
				COPY_PHASE_STRIP = NO;
				DEBUG_INFORMATION_FORMAT = "dwarf-with-dsym";
				ENABLE_NS_ASSERTIONS = NO;
				ENABLE_STRICT_OBJC_MSGSEND = YES;
				GCC_C_LANGUAGE_STANDARD = gnu99;
				GCC_NO_COMMON_BLOCKS = YES;
				GCC_WARN_64_TO_32_BIT_CONVERSION = YES;
				GCC_WARN_ABOUT_RETURN_TYPE = YES_ERROR;
				GCC_WARN_UNDECLARED_SELECTOR = YES;
				GCC_WARN_UNINITIALIZED_AUTOS = YES_AGGRESSIVE;
				GCC_WARN_UNUSED_FUNCTION = YES;
				GCC_WARN_UNUSED_VARIABLE = YES;
				IPHONEOS_DEPLOYMENT_TARGET = 9.1;
				MTL_ENABLE_DEBUG_INFO = NO;
				SDKROOT = iphoneos;
				VALIDATE_PRODUCT = YES;
			};
			name = Release;
		};
		49C7A3541C33F2BF001D1C56 /* Debug */ = {
			isa = XCBuildConfiguration;
			buildSettings = {
				ASSETCATALOG_COMPILER_APPICON_NAME = AppIcon;
				CLANG_ENABLE_OBJC_ARC = NO;
				INFOPLIST_FILE = "UI14_作业/Info.plist";
				LD_RUNPATH_SEARCH_PATHS = "$(inherited) @executable_path/Frameworks";
				PRODUCT_BUNDLE_IDENTIFIER = "com.lanou3g.UI14---";
				PRODUCT_NAME = "$(TARGET_NAME)";
			};
			name = Debug;
		};
		49C7A3551C33F2BF001D1C56 /* Release */ = {
			isa = XCBuildConfiguration;
			buildSettings = {
				ASSETCATALOG_COMPILER_APPICON_NAME = AppIcon;
				CLANG_ENABLE_OBJC_ARC = NO;
				INFOPLIST_FILE = "UI14_作业/Info.plist";
				LD_RUNPATH_SEARCH_PATHS = "$(inherited) @executable_path/Frameworks";
				PRODUCT_BUNDLE_IDENTIFIER = "com.lanou3g.UI14---";
				PRODUCT_NAME = "$(TARGET_NAME)";
			};
			name = Release;
		};
		49C7A3571C33F2BF001D1C56 /* Debug */ = {
			isa = XCBuildConfiguration;
			buildSettings = {
				BUNDLE_LOADER = "$(TEST_HOST)";
				INFOPLIST_FILE = "UI14_作业Tests/Info.plist";
				LD_RUNPATH_SEARCH_PATHS = "$(inherited) @executable_path/Frameworks @loader_path/Frameworks";
				PRODUCT_BUNDLE_IDENTIFIER = "com.lanou3g.UI14---Tests";
				PRODUCT_NAME = "$(TARGET_NAME)";
				TEST_HOST = "$(BUILT_PRODUCTS_DIR)/UI14_作业.app/UI14_作业";
			};
			name = Debug;
		};
		49C7A3581C33F2BF001D1C56 /* Release */ = {
			isa = XCBuildConfiguration;
			buildSettings = {
				BUNDLE_LOADER = "$(TEST_HOST)";
				INFOPLIST_FILE = "UI14_作业Tests/Info.plist";
				LD_RUNPATH_SEARCH_PATHS = "$(inherited) @executable_path/Frameworks @loader_path/Frameworks";
				PRODUCT_BUNDLE_IDENTIFIER = "com.lanou3g.UI14---Tests";
				PRODUCT_NAME = "$(TARGET_NAME)";
				TEST_HOST = "$(BUILT_PRODUCTS_DIR)/UI14_作业.app/UI14_作业";
			};
			name = Release;
		};
		49C7A35A1C33F2BF001D1C56 /* Debug */ = {
			isa = XCBuildConfiguration;
			buildSettings = {
				INFOPLIST_FILE = "UI14_作业UITests/Info.plist";
				LD_RUNPATH_SEARCH_PATHS = "$(inherited) @executable_path/Frameworks @loader_path/Frameworks";
				PRODUCT_BUNDLE_IDENTIFIER = "com.lanou3g.UI14---UITests";
				PRODUCT_NAME = "$(TARGET_NAME)";
				TEST_TARGET_NAME = "UI14_作业";
				USES_XCTRUNNER = YES;
			};
			name = Debug;
		};
		49C7A35B1C33F2BF001D1C56 /* Release */ = {
			isa = XCBuildConfiguration;
			buildSettings = {
				INFOPLIST_FILE = "UI14_作业UITests/Info.plist";
				LD_RUNPATH_SEARCH_PATHS = "$(inherited) @executable_path/Frameworks @loader_path/Frameworks";
				PRODUCT_BUNDLE_IDENTIFIER = "com.lanou3g.UI14---UITests";
				PRODUCT_NAME = "$(TARGET_NAME)";
				TEST_TARGET_NAME = "UI14_作业";
				USES_XCTRUNNER = YES;
			};
			name = Release;
		};
/* End XCBuildConfiguration section */

/* Begin XCConfigurationList section */
		49C7A3211C33F2BE001D1C56 /* Build configuration list for PBXProject "UI14_作业" */ = {
			isa = XCConfigurationList;
			buildConfigurations = (
				49C7A3511C33F2BF001D1C56 /* Debug */,
				49C7A3521C33F2BF001D1C56 /* Release */,
			);
			defaultConfigurationIsVisible = 0;
			defaultConfigurationName = Release;
		};
		49C7A3531C33F2BF001D1C56 /* Build configuration list for PBXNativeTarget "UI14_作业" */ = {
			isa = XCConfigurationList;
			buildConfigurations = (
				49C7A3541C33F2BF001D1C56 /* Debug */,
				49C7A3551C33F2BF001D1C56 /* Release */,
			);
			defaultConfigurationIsVisible = 0;
			defaultConfigurationName = Release;
		};
		49C7A3561C33F2BF001D1C56 /* Build configuration list for PBXNativeTarget "UI14_作业Tests" */ = {
			isa = XCConfigurationList;
			buildConfigurations = (
				49C7A3571C33F2BF001D1C56 /* Debug */,
				49C7A3581C33F2BF001D1C56 /* Release */,
			);
			defaultConfigurationIsVisible = 0;
			defaultConfigurationName = Release;
		};
		49C7A3591C33F2BF001D1C56 /* Build configuration list for PBXNativeTarget "UI14_作业UITests" */ = {
			isa = XCConfigurationList;
			buildConfigurations = (
				49C7A35A1C33F2BF001D1C56 /* Debug */,
				49C7A35B1C33F2BF001D1C56 /* Release */,
			);
			defaultConfigurationIsVisible = 0;
			defaultConfigurationName = Release;
		};
/* End XCConfigurationList section */
	};
	rootObject = 49C7A31E1C33F2BE001D1C56 /* Project object */;
}
